
Microsoft Visual Studio Solution File, Format Version 12.00
# Visual Studio Version 17
VisualStudioVersion = 17.14.37012.4 d17.14
MinimumVisualStudioVersion = 10.0.40219.1
Project("{FAE04EC0-301F-11D3-BF4B-00C04F79EFBC}") = "ServicesAtlasConmigo", "ServicesAtlasConmigo\ServicesAtlasConmigo.csproj", "{D1EF902F-A15F-4308-AEA2-B34306CAFB0F}"
EndProject
Project("{FAE04EC0-301F-11D3-BF4B-00C04F79EFBC}") = "AtlasLibraries", "AtlasLibraries\AtlasLibraries.csproj", "{742444A8-8F49-4842-BD14-E86BC6E97895}"
EndProject
Global
	GlobalSection(SolutionConfigurationPlatforms) = preSolution
		Debug|Any CPU = Debug|Any CPU
		Release|Any CPU = Release|Any CPU
	EndGlobalSection
	GlobalSection(ProjectConfigurationPlatforms) = postSolution
		{D1EF902F-A15F-4308-AEA2-B34306CAFB0F}.Debug|Any CPU.ActiveCfg = Debug|Any CPU
		{D1EF902F-A15F-4308-AEA2-B34306CAFB0F}.Debug|Any CPU.Build.0 = Debug|Any CPU
		{D1EF902F-A15F-4308-AEA2-B34306CAFB0F}.Release|Any CPU.ActiveCfg = Release|Any CPU
		{D1EF902F-A15F-4308-AEA2-B34306CAFB0F}.Release|Any CPU.Build.0 = Release|Any CPU
		{742444A8-8F49-4842-BD14-E86BC6E97895}.Debug|Any CPU.ActiveCfg = Debug|Any CPU
		{742444A8-8F49-4842-BD14-E86BC6E97895}.Debug|Any CPU.Build.0 = Debug|Any CPU
		{742444A8-8F49-4842-BD14-E86BC6E97895}.Release|Any CPU.ActiveCfg = Release|Any CPU
		{742444A8-8F49-4842-BD14-E86BC6E97895}.Release|Any CPU.Build.0 = Release|Any CPU
	EndGlobalSection
	GlobalSection(SolutionProperties) = preSolution
		HideSolutionNode = FALSE
	EndGlobalSection
	GlobalSection(ExtensibilityGlobals) = postSolution
		SolutionGuid = {612026F2-ED51-47C3-9C52-1F59C76B77EC}
	EndGlobalSection
EndGlobal
